
Microsoft Visual Studio Solution File, Format Version 12.00
# Visual Studio 14
VisualStudioVersion = 14.0.25420.1
MinimumVisualStudioVersion = 10.0.40219.1
Project("{8BB2217D-0F2D-49D1-97BC-3654ED321F3B}") = "Inmemo.Wordlist", "src\Inmemo.Wordlist\Inmemo.Wordlist.xproj", "{8F149C26-EA01-4A2B-ABD5-93971392739C}"
EndProject
Project("{8BB2217D-0F2D-49D1-97BC-3654ED321F3B}") = "Inmemo.Wordlist.Tests", "test\Inmemo.Wordlist.Tests\Inmemo.Wordlist.Tests.xproj", "{9AF13E98-E87E-4A29-B40C-030D38222BD2}"
EndProject
Global
	GlobalSection(SolutionConfigurationPlatforms) = preSolution
		Debug|Any CPU = Debug|Any CPU
		Release|Any CPU = Release|Any CPU
	EndGlobalSection
	GlobalSection(ProjectConfigurationPlatforms) = postSolution
		{8F149C26-EA01-4A2B-ABD5-93971392739C}.Debug|Any CPU.ActiveCfg = Debug|Any CPU
		{8F149C26-EA01-4A2B-ABD5-93971392739C}.Debug|Any CPU.Build.0 = Debug|Any CPU
		{8F149C26-EA01-4A2B-ABD5-93971392739C}.Release|Any CPU.ActiveCfg = Release|Any CPU
		{8F149C26-EA01-4A2B-ABD5-93971392739C}.Release|Any CPU.Build.0 = Release|Any CPU
		{9AF13E98-E87E-4A29-B40C-030D38222BD2}.Debug|Any CPU.ActiveCfg = Debug|Any CPU
		{9AF13E98-E87E-4A29-B40C-030D38222BD2}.Debug|Any CPU.Build.0 = Debug|Any CPU
		{9AF13E98-E87E-4A29-B40C-030D38222BD2}.Release|Any CPU.ActiveCfg = Release|Any CPU
		{9AF13E98-E87E-4A29-B40C-030D38222BD2}.Release|Any CPU.Build.0 = Release|Any CPU
	EndGlobalSection
	GlobalSection(SolutionProperties) = preSolution
		HideSolutionNode = FALSE
	EndGlobalSection
EndGlobal
